
Microsoft Visual Studio Solution File, Format Version 12.00
# Visual Studio Version 16
VisualStudioVersion = 16.0.30204.135
MinimumVisualStudioVersion = 10.0.40219.1
Project("{888888A0-9F3D-457C-B088-3A5042F75D52}") = "오셀로", "오셀로.pyproj", "{ECE96684-7768-4515-B7C0-9F1B78A6A996}"
EndProject
Global
	GlobalSection(SolutionConfigurationPlatforms) = preSolution
		Debug|Any CPU = Debug|Any CPU
		Release|Any CPU = Release|Any CPU
	EndGlobalSection
	GlobalSection(ProjectConfigurationPlatforms) = postSolution
		{ECE96684-7768-4515-B7C0-9F1B78A6A996}.Debug|Any CPU.ActiveCfg = Debug|Any CPU
		{ECE96684-7768-4515-B7C0-9F1B78A6A996}.Release|Any CPU.ActiveCfg = Release|Any CPU
	EndGlobalSection
	GlobalSection(SolutionProperties) = preSolution
		HideSolutionNode = FALSE
	EndGlobalSection
	GlobalSection(ExtensibilityGlobals) = postSolution
		SolutionGuid = {99959E04-CC15-491D-A3AF-80420CD9D624}
	EndGlobalSection
EndGlobal
