
Microsoft Visual Studio Solution File, Format Version 12.00
# Visual Studio Version 16
VisualStudioVersion = 16.0.30204.135
MinimumVisualStudioVersion = 10.0.40219.1
Project("{888888A0-9F3D-457C-B088-3A5042F75D52}") = "레이스 게임", "레이스 게임.pyproj", "{EEAE1EAD-702B-4D1C-85DD-D48B103735E0}"
EndProject
Global
	GlobalSection(SolutionConfigurationPlatforms) = preSolution
		Debug|Any CPU = Debug|Any CPU
		Release|Any CPU = Release|Any CPU
	EndGlobalSection
	GlobalSection(ProjectConfigurationPlatforms) = postSolution
		{EEAE1EAD-702B-4D1C-85DD-D48B103735E0}.Debug|Any CPU.ActiveCfg = Debug|Any CPU
		{EEAE1EAD-702B-4D1C-85DD-D48B103735E0}.Release|Any CPU.ActiveCfg = Release|Any CPU
	EndGlobalSection
	GlobalSection(SolutionProperties) = preSolution
		HideSolutionNode = FALSE
	EndGlobalSection
	GlobalSection(ExtensibilityGlobals) = postSolution
		SolutionGuid = {2E7B1ED9-6B44-47D8-B52A-5DCE29B87C2B}
	EndGlobalSection
EndGlobal
